
Microsoft Visual Studio Solution File, Format Version 12.00
# Visual Studio Version 16
VisualStudioVersion = 16.0.31313.79
MinimumVisualStudioVersion = 10.0.40219.1
Project("{FAE04EC0-301F-11D3-BF4B-00C04F79EFBC}") = "WindowsFormsApp1", "WindowsFormsApp1\WindowsFormsApp1.csproj", "{EE814851-6904-401E-A5D3-A90B66F60890}"
EndProject
Project("{FAE04EC0-301F-11D3-BF4B-00C04F79EFBC}") = "Logica", "Logica\Logica.csproj", "{A5F3A88E-CF3A-45BB-801E-8B88F022CD4C}"
EndProject
Global
	GlobalSection(SolutionConfigurationPlatforms) = preSolution
		Debug|Any CPU = Debug|Any CPU
		Release|Any CPU = Release|Any CPU
	EndGlobalSection
	GlobalSection(ProjectConfigurationPlatforms) = postSolution
		{EE814851-6904-401E-A5D3-A90B66F60890}.Debug|Any CPU.ActiveCfg = Debug|Any CPU
		{EE814851-6904-401E-A5D3-A90B66F60890}.Debug|Any CPU.Build.0 = Debug|Any CPU
		{EE814851-6904-401E-A5D3-A90B66F60890}.Release|Any CPU.ActiveCfg = Release|Any CPU
		{EE814851-6904-401E-A5D3-A90B66F60890}.Release|Any CPU.Build.0 = Release|Any CPU
		{A5F3A88E-CF3A-45BB-801E-8B88F022CD4C}.Debug|Any CPU.ActiveCfg = Debug|Any CPU
		{A5F3A88E-CF3A-45BB-801E-8B88F022CD4C}.Debug|Any CPU.Build.0 = Debug|Any CPU
		{A5F3A88E-CF3A-45BB-801E-8B88F022CD4C}.Release|Any CPU.ActiveCfg = Release|Any CPU
		{A5F3A88E-CF3A-45BB-801E-8B88F022CD4C}.Release|Any CPU.Build.0 = Release|Any CPU
	EndGlobalSection
	GlobalSection(SolutionProperties) = preSolution
		HideSolutionNode = FALSE
	EndGlobalSection
	GlobalSection(ExtensibilityGlobals) = postSolution
		SolutionGuid = {B92F658B-7AA6-4BC5-A9F5-28924810D80C}
	EndGlobalSection
EndGlobal
